// !$*UTF8*$!
{
	archiveVersion = 1;
	classes = {
	};
	objectVersion = 56;
	objects = {

/* Begin PBXBuildFile section */
		679296BFEE0C61D7EBE4C7E3 /* Pods_MessageViewCode.framework in Frameworks */ = {isa = PBXBuildFile; fileRef = D4BF7A7AB4EE4E86F08DF917 /* Pods_MessageViewCode.framework */; };
		862740212B71C5D90089BF94 /* HomeViewController.swift in Sources */ = {isa = PBXBuildFile; fileRef = 862740202B71C5D90089BF94 /* HomeViewController.swift */; };
		862740242B71C6680089BF94 /* HomeScreen.swift in Sources */ = {isa = PBXBuildFile; fileRef = 862740232B71C6680089BF94 /* HomeScreen.swift */; };
		862740272B71C7920089BF94 /* NavView.swift in Sources */ = {isa = PBXBuildFile; fileRef = 862740262B71C7920089BF94 /* NavView.swift */; };
		863D37A32B1980F100306098 /* GoogleService-Info.plist in Resources */ = {isa = PBXBuildFile; fileRef = 863D37A22B1980F100306098 /* GoogleService-Info.plist */; };
		864A8C0B2B3273EE008CC5B0 /* Custom.swift in Sources */ = {isa = PBXBuildFile; fileRef = 864A8C012B3273E5008CC5B0 /* Custom.swift */; };
		864A8C0C2B3273EE008CC5B0 /* Extension+Button.swift in Sources */ = {isa = PBXBuildFile; fileRef = 864A8C022B3273E7008CC5B0 /* Extension+Button.swift */; };
		864A8C0D2B3273EE008CC5B0 /* Extension+UIView.swift in Sources */ = {isa = PBXBuildFile; fileRef = 864A8C032B3273E9008CC5B0 /* Extension+UIView.swift */; };
		864A8C0E2B3273EE008CC5B0 /* send.wav in Resources */ = {isa = PBXBuildFile; fileRef = 864A8C052B3273EA008CC5B0 /* send.wav */; };
		864A8C0F2B3273EE008CC5B0 /* Poppins-Medium.ttf in Resources */ = {isa = PBXBuildFile; fileRef = 864A8C072B3273EC008CC5B0 /* Poppins-Medium.ttf */; };
		864A8C102B3273EE008CC5B0 /* Poppins-Bold.ttf in Resources */ = {isa = PBXBuildFile; fileRef = 864A8C082B3273EC008CC5B0 /* Poppins-Bold.ttf */; };
		864A8C112B3273EE008CC5B0 /* Poppins-SemiBold.ttf in Resources */ = {isa = PBXBuildFile; fileRef = 864A8C092B3273EC008CC5B0 /* Poppins-SemiBold.ttf */; };
		864A8C122B3273EE008CC5B0 /* Extension+String.swift in Sources */ = {isa = PBXBuildFile; fileRef = 864A8C0A2B3273EE008CC5B0 /* Extension+String.swift */; };
		86AA19CD2B195223006CC8B1 /* AppDelegate.swift in Sources */ = {isa = PBXBuildFile; fileRef = 86AA19CC2B195223006CC8B1 /* AppDelegate.swift */; };
		86AA19CF2B195223006CC8B1 /* SceneDelegate.swift in Sources */ = {isa = PBXBuildFile; fileRef = 86AA19CE2B195223006CC8B1 /* SceneDelegate.swift */; };
		86AA19D62B195224006CC8B1 /* Assets.xcassets in Resources */ = {isa = PBXBuildFile; fileRef = 86AA19D52B195224006CC8B1 /* Assets.xcassets */; };
		86AA19D92B195224006CC8B1 /* LaunchScreen.storyboard in Resources */ = {isa = PBXBuildFile; fileRef = 86AA19D72B195224006CC8B1 /* LaunchScreen.storyboard */; };
		86AA19EA2B19527B006CC8B1 /* RegisterScreen.swift in Sources */ = {isa = PBXBuildFile; fileRef = 86AA19E22B19527B006CC8B1 /* RegisterScreen.swift */; };
		86AA19EB2B19527B006CC8B1 /* RegisterViewController.swift in Sources */ = {isa = PBXBuildFile; fileRef = 86AA19E42B19527B006CC8B1 /* RegisterViewController.swift */; };
		86AA19EC2B19527B006CC8B1 /* LoginScreen.swift in Sources */ = {isa = PBXBuildFile; fileRef = 86AA19E72B19527B006CC8B1 /* LoginScreen.swift */; };
		86AA19ED2B19527B006CC8B1 /* LoginViewController.swift in Sources */ = {isa = PBXBuildFile; fileRef = 86AA19E92B19527B006CC8B1 /* LoginViewController.swift */; };
		86AA19F02B196459006CC8B1 /* Alert.swift in Sources */ = {isa = PBXBuildFile; fileRef = 86AA19EF2B196459006CC8B1 /* Alert.swift */; };
/* End PBXBuildFile section */

/* Begin PBXFileReference section */
		587120F0A0ED6C5CE4858474 /* Pods-MessageViewCode.release.xcconfig */ = {isa = PBXFileReference; includeInIndex = 1; lastKnownFileType = text.xcconfig; name = "Pods-MessageViewCode.release.xcconfig"; path = "Target Support Files/Pods-MessageViewCode/Pods-MessageViewCode.release.xcconfig"; sourceTree = "<group>"; };
		862740202B71C5D90089BF94 /* HomeViewController.swift */ = {isa = PBXFileReference; lastKnownFileType = sourcecode.swift; path = HomeViewController.swift; sourceTree = "<group>"; };
		862740232B71C6680089BF94 /* HomeScreen.swift */ = {isa = PBXFileReference; lastKnownFileType = sourcecode.swift; path = HomeScreen.swift; sourceTree = "<group>"; };
		862740262B71C7920089BF94 /* NavView.swift */ = {isa = PBXFileReference; lastKnownFileType = sourcecode.swift; path = NavView.swift; sourceTree = "<group>"; };
		863D37A22B1980F100306098 /* GoogleService-Info.plist */ = {isa = PBXFileReference; fileEncoding = 4; lastKnownFileType = text.plist.xml; path = "GoogleService-Info.plist"; sourceTree = "<group>"; };
		864A8C012B3273E5008CC5B0 /* Custom.swift */ = {isa = PBXFileReference; fileEncoding = 4; lastKnownFileType = sourcecode.swift; path = Custom.swift; sourceTree = "<group>"; };
		864A8C022B3273E7008CC5B0 /* Extension+Button.swift */ = {isa = PBXFileReference; fileEncoding = 4; lastKnownFileType = sourcecode.swift; path = "Extension+Button.swift"; sourceTree = "<group>"; };
		864A8C032B3273E9008CC5B0 /* Extension+UIView.swift */ = {isa = PBXFileReference; fileEncoding = 4; lastKnownFileType = sourcecode.swift; path = "Extension+UIView.swift"; sourceTree = "<group>"; };
		864A8C052B3273EA008CC5B0 /* send.wav */ = {isa = PBXFileReference; lastKnownFileType = audio.wav; path = send.wav; sourceTree = "<group>"; };
		864A8C072B3273EC008CC5B0 /* Poppins-Medium.ttf */ = {isa = PBXFileReference; lastKnownFileType = file; path = "Poppins-Medium.ttf"; sourceTree = "<group>"; };
		864A8C082B3273EC008CC5B0 /* Poppins-Bold.ttf */ = {isa = PBXFileReference; lastKnownFileType = file; path = "Poppins-Bold.ttf"; sourceTree = "<group>"; };
		864A8C092B3273EC008CC5B0 /* Poppins-SemiBold.ttf */ = {isa = PBXFileReference; lastKnownFileType = file; path = "Poppins-SemiBold.ttf"; sourceTree = "<group>"; };
		864A8C0A2B3273EE008CC5B0 /* Extension+String.swift */ = {isa = PBXFileReference; fileEncoding = 4; lastKnownFileType = sourcecode.swift; path = "Extension+String.swift"; sourceTree = "<group>"; };
		86AA19C92B195223006CC8B1 /* MessageViewCode.app */ = {isa = PBXFileReference; explicitFileType = wrapper.application; includeInIndex = 0; path = MessageViewCode.app; sourceTree = BUILT_PRODUCTS_DIR; };
		86AA19CC2B195223006CC8B1 /* AppDelegate.swift */ = {isa = PBXFileReference; lastKnownFileType = sourcecode.swift; path = AppDelegate.swift; sourceTree = "<group>"; };
		86AA19CE2B195223006CC8B1 /* SceneDelegate.swift */ = {isa = PBXFileReference; lastKnownFileType = sourcecode.swift; path = SceneDelegate.swift; sourceTree = "<group>"; };
		86AA19D52B195224006CC8B1 /* Assets.xcassets */ = {isa = PBXFileReference; lastKnownFileType = folder.assetcatalog; path = Assets.xcassets; sourceTree = "<group>"; };
		86AA19D82B195224006CC8B1 /* Base */ = {isa = PBXFileReference; lastKnownFileType = file.storyboard; name = Base; path = Base.lproj/LaunchScreen.storyboard; sourceTree = "<group>"; };
		86AA19DA2B195224006CC8B1 /* Info.plist */ = {isa = PBXFileReference; lastKnownFileType = text.plist.xml; path = Info.plist; sourceTree = "<group>"; };
		86AA19E22B19527B006CC8B1 /* RegisterScreen.swift */ = {isa = PBXFileReference; fileEncoding = 4; lastKnownFileType = sourcecode.swift; path = RegisterScreen.swift; sourceTree = "<group>"; };
		86AA19E42B19527B006CC8B1 /* RegisterViewController.swift */ = {isa = PBXFileReference; fileEncoding = 4; lastKnownFileType = sourcecode.swift; path = RegisterViewController.swift; sourceTree = "<group>"; };
		86AA19E72B19527B006CC8B1 /* LoginScreen.swift */ = {isa = PBXFileReference; fileEncoding = 4; lastKnownFileType = sourcecode.swift; path = LoginScreen.swift; sourceTree = "<group>"; };
		86AA19E92B19527B006CC8B1 /* LoginViewController.swift */ = {isa = PBXFileReference; fileEncoding = 4; lastKnownFileType = sourcecode.swift; path = LoginViewController.swift; sourceTree = "<group>"; };
		86AA19EF2B196459006CC8B1 /* Alert.swift */ = {isa = PBXFileReference; fileEncoding = 4; lastKnownFileType = sourcecode.swift; path = Alert.swift; sourceTree = "<group>"; };
		D4BF7A7AB4EE4E86F08DF917 /* Pods_MessageViewCode.framework */ = {isa = PBXFileReference; explicitFileType = wrapper.framework; includeInIndex = 0; path = Pods_MessageViewCode.framework; sourceTree = BUILT_PRODUCTS_DIR; };
		ED7E70B7DE1ABBC515B795C8 /* Pods-MessageViewCode.debug.xcconfig */ = {isa = PBXFileReference; includeInIndex = 1; lastKnownFileType = text.xcconfig; name = "Pods-MessageViewCode.debug.xcconfig"; path = "Target Support Files/Pods-MessageViewCode/Pods-MessageViewCode.debug.xcconfig"; sourceTree = "<group>"; };
/* End PBXFileReference section */

/* Begin PBXFrameworksBuildPhase section */
		86AA19C62B195223006CC8B1 /* Frameworks */ = {
			isa = PBXFrameworksBuildPhase;
			buildActionMask = 2147483647;
			files = (
				679296BFEE0C61D7EBE4C7E3 /* Pods_MessageViewCode.framework in Frameworks */,
			);
			runOnlyForDeploymentPostprocessing = 0;
		};
/* End PBXFrameworksBuildPhase section */

/* Begin PBXGroup section */
		8627401F2B71C5740089BF94 /* Home */ = {
			isa = PBXGroup;
			children = (
				862740252B71C75B0089BF94 /* NavView */,
				862740222B71C6410089BF94 /* Screen */,
				862740202B71C5D90089BF94 /* HomeViewController.swift */,
			);
			path = Home;
			sourceTree = "<group>";
		};
		862740222B71C6410089BF94 /* Screen */ = {
			isa = PBXGroup;
			children = (
				862740232B71C6680089BF94 /* HomeScreen.swift */,
			);
			path = Screen;
			sourceTree = "<group>";
		};
		862740252B71C75B0089BF94 /* NavView */ = {
			isa = PBXGroup;
			children = (
				862740262B71C7920089BF94 /* NavView.swift */,
			);
			path = NavView;
			sourceTree = "<group>";
		};
		864A8C002B3272CB008CC5B0 /* Utils */ = {
			isa = PBXGroup;
			children = (
				864A8C012B3273E5008CC5B0 /* Custom.swift */,
				864A8C022B3273E7008CC5B0 /* Extension+Button.swift */,
				864A8C0A2B3273EE008CC5B0 /* Extension+String.swift */,
				864A8C032B3273E9008CC5B0 /* Extension+UIView.swift */,
				864A8C062B3273EC008CC5B0 /* Fonts */,
				864A8C042B3273EA008CC5B0 /* Sound */,
			);
			path = Utils;
			sourceTree = "<group>";
		};
		864A8C042B3273EA008CC5B0 /* Sound */ = {
			isa = PBXGroup;
			children = (
				864A8C052B3273EA008CC5B0 /* send.wav */,
			);
			path = Sound;
			sourceTree = "<group>";
		};
		864A8C062B3273EC008CC5B0 /* Fonts */ = {
			isa = PBXGroup;
			children = (
				864A8C072B3273EC008CC5B0 /* Poppins-Medium.ttf */,
				864A8C082B3273EC008CC5B0 /* Poppins-Bold.ttf */,
				864A8C092B3273EC008CC5B0 /* Poppins-SemiBold.ttf */,
			);
			path = Fonts;
			sourceTree = "<group>";
		};
		86AA19C02B195223006CC8B1 = {
			isa = PBXGroup;
			children = (
				86AA19CB2B195223006CC8B1 /* MessageViewCode */,
				86AA19CA2B195223006CC8B1 /* Products */,
				960CBB07ADA299897C64C317 /* Pods */,
				C45FC53CB711A18A13211579 /* Frameworks */,
			);
			sourceTree = "<group>";
		};
		86AA19CA2B195223006CC8B1 /* Products */ = {
			isa = PBXGroup;
			children = (
				86AA19C92B195223006CC8B1 /* MessageViewCode.app */,
			);
			name = Products;
			sourceTree = "<group>";
		};
		86AA19CB2B195223006CC8B1 /* MessageViewCode */ = {
			isa = PBXGroup;
			children = (
				8627401F2B71C5740089BF94 /* Home */,
				864A8C002B3272CB008CC5B0 /* Utils */,
				86AA19EE2B196459006CC8B1 /* Alert */,
				86AA19E52B19527B006CC8B1 /* Login */,
				86AA19E02B19527B006CC8B1 /* Register */,
				86AA19CE2B195223006CC8B1 /* SceneDelegate.swift */,
				86AA19CC2B195223006CC8B1 /* AppDelegate.swift */,
				86AA19D52B195224006CC8B1 /* Assets.xcassets */,
				86AA19D72B195224006CC8B1 /* LaunchScreen.storyboard */,
				863D37A22B1980F100306098 /* GoogleService-Info.plist */,
				86AA19DA2B195224006CC8B1 /* Info.plist */,
			);
			path = MessageViewCode;
			sourceTree = "<group>";
		};
		86AA19E02B19527B006CC8B1 /* Register */ = {
			isa = PBXGroup;
			children = (
				86AA19E12B19527B006CC8B1 /* Screen */,
				86AA19E32B19527B006CC8B1 /* ViewController */,
			);
			path = Register;
			sourceTree = "<group>";
		};
		86AA19E12B19527B006CC8B1 /* Screen */ = {
			isa = PBXGroup;
			children = (
				86AA19E22B19527B006CC8B1 /* RegisterScreen.swift */,
			);
			path = Screen;
			sourceTree = "<group>";
		};
		86AA19E32B19527B006CC8B1 /* ViewController */ = {
			isa = PBXGroup;
			children = (
				86AA19E42B19527B006CC8B1 /* RegisterViewController.swift */,
			);
			path = ViewController;
			sourceTree = "<group>";
		};
		86AA19E52B19527B006CC8B1 /* Login */ = {
			isa = PBXGroup;
			children = (
				86AA19E62B19527B006CC8B1 /* Screen */,
				86AA19E82B19527B006CC8B1 /* ViewController */,
			);
			path = Login;
			sourceTree = "<group>";
		};
		86AA19E62B19527B006CC8B1 /* Screen */ = {
			isa = PBXGroup;
			children = (
				86AA19E72B19527B006CC8B1 /* LoginScreen.swift */,
			);
			path = Screen;
			sourceTree = "<group>";
		};
		86AA19E82B19527B006CC8B1 /* ViewController */ = {
			isa = PBXGroup;
			children = (
				86AA19E92B19527B006CC8B1 /* LoginViewController.swift */,
			);
			path = ViewController;
			sourceTree = "<group>";
		};
		86AA19EE2B196459006CC8B1 /* Alert */ = {
			isa = PBXGroup;
			children = (
				86AA19EF2B196459006CC8B1 /* Alert.swift */,
			);
			path = Alert;
			sourceTree = "<group>";
		};
		960CBB07ADA299897C64C317 /* Pods */ = {
			isa = PBXGroup;
			children = (
				ED7E70B7DE1ABBC515B795C8 /* Pods-MessageViewCode.debug.xcconfig */,
				587120F0A0ED6C5CE4858474 /* Pods-MessageViewCode.release.xcconfig */,
			);
			path = Pods;
			sourceTree = "<group>";
		};
		C45FC53CB711A18A13211579 /* Frameworks */ = {
			isa = PBXGroup;
			children = (
				D4BF7A7AB4EE4E86F08DF917 /* Pods_MessageViewCode.framework */,
			);
			name = Frameworks;
			sourceTree = "<group>";
		};
/* End PBXGroup section */

/* Begin PBXNativeTarget section */
		86AA19C82B195223006CC8B1 /* MessageViewCode */ = {
			isa = PBXNativeTarget;
			buildConfigurationList = 86AA19DD2B195224006CC8B1 /* Build configuration list for PBXNativeTarget "MessageViewCode" */;
			buildPhases = (
				7BCC1CEFAEE7571399272FA0 /* [CP] Check Pods Manifest.lock */,
				86AA19C52B195223006CC8B1 /* Sources */,
				86AA19C62B195223006CC8B1 /* Frameworks */,
				86AA19C72B195223006CC8B1 /* Resources */,
				811BDEB502995E14E13388E1 /* [CP] Embed Pods Frameworks */,
			);
			buildRules = (
			);
			dependencies = (
			);
			name = MessageViewCode;
			productName = MessageViewCode;
			productReference = 86AA19C92B195223006CC8B1 /* MessageViewCode.app */;
			productType = "com.apple.product-type.application";
		};
/* End PBXNativeTarget section */

/* Begin PBXProject section */
		86AA19C12B195223006CC8B1 /* Project object */ = {
			isa = PBXProject;
			attributes = {
				BuildIndependentTargetsInParallel = 1;
				LastSwiftUpdateCheck = 1500;
				LastUpgradeCheck = 1500;
				TargetAttributes = {
					86AA19C82B195223006CC8B1 = {
						CreatedOnToolsVersion = 15.0.1;
					};
				};
			};
			buildConfigurationList = 86AA19C42B195223006CC8B1 /* Build configuration list for PBXProject "MessageViewCode" */;
			compatibilityVersion = "Xcode 14.0";
			developmentRegion = en;
			hasScannedForEncodings = 0;
			knownRegions = (
				en,
				Base,
			);
			mainGroup = 86AA19C02B195223006CC8B1;
			productRefGroup = 86AA19CA2B195223006CC8B1 /* Products */;
			projectDirPath = "";
			projectRoot = "";
			targets = (
				86AA19C82B195223006CC8B1 /* MessageViewCode */,
			);
		};
/* End PBXProject section */

/* Begin PBXResourcesBuildPhase section */
		86AA19C72B195223006CC8B1 /* Resources */ = {
			isa = PBXResourcesBuildPhase;
			buildActionMask = 2147483647;
			files = (
				86AA19D92B195224006CC8B1 /* LaunchScreen.storyboard in Resources */,
				864A8C112B3273EE008CC5B0 /* Poppins-SemiBold.ttf in Resources */,
				864A8C102B3273EE008CC5B0 /* Poppins-Bold.ttf in Resources */,
				863D37A32B1980F100306098 /* GoogleService-Info.plist in Resources */,
				864A8C0E2B3273EE008CC5B0 /* send.wav in Resources */,
				86AA19D62B195224006CC8B1 /* Assets.xcassets in Resources */,
				864A8C0F2B3273EE008CC5B0 /* Poppins-Medium.ttf in Resources */,
			);
			runOnlyForDeploymentPostprocessing = 0;
		};
/* End PBXResourcesBuildPhase section */

/* Begin PBXShellScriptBuildPhase section */
		7BCC1CEFAEE7571399272FA0 /* [CP] Check Pods Manifest.lock */ = {
			isa = PBXShellScriptBuildPhase;
			buildActionMask = 2147483647;
			files = (
			);
			inputFileListPaths = (
			);
			inputPaths = (
				"${PODS_PODFILE_DIR_PATH}/Podfile.lock",
				"${PODS_ROOT}/Manifest.lock",
			);
			name = "[CP] Check Pods Manifest.lock";
			outputFileListPaths = (
			);
			outputPaths = (
				"$(DERIVED_FILE_DIR)/Pods-MessageViewCode-checkManifestLockResult.txt",
			);
			runOnlyForDeploymentPostprocessing = 0;
			shellPath = /bin/sh;
			shellScript = "diff \"${PODS_PODFILE_DIR_PATH}/Podfile.lock\" \"${PODS_ROOT}/Manifest.lock\" > /dev/null\nif [ $? != 0 ] ; then\n    # print error to STDERR\n    echo \"error: The sandbox is not in sync with the Podfile.lock. Run 'pod install' or update your CocoaPods installation.\" >&2\n    exit 1\nfi\n# This output is used by Xcode 'outputs' to avoid re-running this script phase.\necho \"SUCCESS\" > \"${SCRIPT_OUTPUT_FILE_0}\"\n";
			showEnvVarsInLog = 0;
		};
		811BDEB502995E14E13388E1 /* [CP] Embed Pods Frameworks */ = {
			isa = PBXShellScriptBuildPhase;
			buildActionMask = 2147483647;
			files = (
			);
			inputFileListPaths = (
				"${PODS_ROOT}/Target Support Files/Pods-MessageViewCode/Pods-MessageViewCode-frameworks-${CONFIGURATION}-input-files.xcfilelist",
			);
			name = "[CP] Embed Pods Frameworks";
			outputFileListPaths = (
				"${PODS_ROOT}/Target Support Files/Pods-MessageViewCode/Pods-MessageViewCode-frameworks-${CONFIGURATION}-output-files.xcfilelist",
			);
			runOnlyForDeploymentPostprocessing = 0;
			shellPath = /bin/sh;
			shellScript = "\"${PODS_ROOT}/Target Support Files/Pods-MessageViewCode/Pods-MessageViewCode-frameworks.sh\"\n";
			showEnvVarsInLog = 0;
		};
/* End PBXShellScriptBuildPhase section */

/* Begin PBXSourcesBuildPhase section */
		86AA19C52B195223006CC8B1 /* Sources */ = {
			isa = PBXSourcesBuildPhase;
			buildActionMask = 2147483647;
			files = (
				86AA19ED2B19527B006CC8B1 /* LoginViewController.swift in Sources */,
				86AA19EA2B19527B006CC8B1 /* RegisterScreen.swift in Sources */,
				864A8C0D2B3273EE008CC5B0 /* Extension+UIView.swift in Sources */,
				864A8C0B2B3273EE008CC5B0 /* Custom.swift in Sources */,
				86AA19EB2B19527B006CC8B1 /* RegisterViewController.swift in Sources */,
				86AA19CD2B195223006CC8B1 /* AppDelegate.swift in Sources */,
				862740272B71C7920089BF94 /* NavView.swift in Sources */,
				862740242B71C6680089BF94 /* HomeScreen.swift in Sources */,
				86AA19CF2B195223006CC8B1 /* SceneDelegate.swift in Sources */,
				864A8C122B3273EE008CC5B0 /* Extension+String.swift in Sources */,
				864A8C0C2B3273EE008CC5B0 /* Extension+Button.swift in Sources */,
				86AA19EC2B19527B006CC8B1 /* LoginScreen.swift in Sources */,
				86AA19F02B196459006CC8B1 /* Alert.swift in Sources */,
				862740212B71C5D90089BF94 /* HomeViewController.swift in Sources */,
			);
			runOnlyForDeploymentPostprocessing = 0;
		};
/* End PBXSourcesBuildPhase section */

/* Begin PBXVariantGroup section */
		86AA19D72B195224006CC8B1 /* LaunchScreen.storyboard */ = {
			isa = PBXVariantGroup;
			children = (
				86AA19D82B195224006CC8B1 /* Base */,
			);
			name = LaunchScreen.storyboard;
			sourceTree = "<group>";
		};
/* End PBXVariantGroup section */

/* Begin XCBuildConfiguration section */
		86AA19DB2B195224006CC8B1 /* Debug */ = {
			isa = XCBuildConfiguration;
			buildSettings = {
				ALWAYS_SEARCH_USER_PATHS = NO;
				ASSETCATALOG_COMPILER_GENERATE_SWIFT_ASSET_SYMBOL_EXTENSIONS = YES;
				CLANG_ANALYZER_NONNULL = YES;
				CLANG_ANALYZER_NUMBER_OBJECT_CONVERSION = YES_AGGRESSIVE;
				CLANG_CXX_LANGUAGE_STANDARD = "gnu++20";
				CLANG_ENABLE_MODULES = YES;
				CLANG_ENABLE_OBJC_ARC = YES;
				CLANG_ENABLE_OBJC_WEAK = YES;
				CLANG_WARN_BLOCK_CAPTURE_AUTORELEASING = YES;
				CLANG_WARN_BOOL_CONVERSION = YES;
				CLANG_WARN_COMMA = YES;
				CLANG_WARN_CONSTANT_CONVERSION = YES;
				CLANG_WARN_DEPRECATED_OBJC_IMPLEMENTATIONS = YES;
				CLANG_WARN_DIRECT_OBJC_ISA_USAGE = YES_ERROR;
				CLANG_WARN_DOCUMENTATION_COMMENTS = YES;
				CLANG_WARN_EMPTY_BODY = YES;
				CLANG_WARN_ENUM_CONVERSION = YES;
				CLANG_WARN_INFINITE_RECURSION = YES;
				CLANG_WARN_INT_CONVERSION = YES;
				CLANG_WARN_NON_LITERAL_NULL_CONVERSION = YES;
				CLANG_WARN_OBJC_IMPLICIT_RETAIN_SELF = YES;
				CLANG_WARN_OBJC_LITERAL_CONVERSION = YES;
				CLANG_WARN_OBJC_ROOT_CLASS = YES_ERROR;
				CLANG_WARN_QUOTED_INCLUDE_IN_FRAMEWORK_HEADER = YES;
				CLANG_WARN_RANGE_LOOP_ANALYSIS = YES;
				CLANG_WARN_STRICT_PROTOTYPES = YES;
				CLANG_WARN_SUSPICIOUS_MOVE = YES;
				CLANG_WARN_UNGUARDED_AVAILABILITY = YES_AGGRESSIVE;
				CLANG_WARN_UNREACHABLE_CODE = YES;
				CLANG_WARN__DUPLICATE_METHOD_MATCH = YES;
				COPY_PHASE_STRIP = NO;
				DEBUG_INFORMATION_FORMAT = dwarf;
				ENABLE_STRICT_OBJC_MSGSEND = YES;
				ENABLE_TESTABILITY = YES;
				ENABLE_USER_SCRIPT_SANDBOXING = YES;
				GCC_C_LANGUAGE_STANDARD = gnu17;
				GCC_DYNAMIC_NO_PIC = NO;
				GCC_NO_COMMON_BLOCKS = YES;
				GCC_OPTIMIZATION_LEVEL = 0;
				GCC_PREPROCESSOR_DEFINITIONS = (
					"DEBUG=1",
					"$(inherited)",
				);
				GCC_WARN_64_TO_32_BIT_CONVERSION = YES;
				GCC_WARN_ABOUT_RETURN_TYPE = YES_ERROR;
				GCC_WARN_UNDECLARED_SELECTOR = YES;
				GCC_WARN_UNINITIALIZED_AUTOS = YES_AGGRESSIVE;
				GCC_WARN_UNUSED_FUNCTION = YES;
				GCC_WARN_UNUSED_VARIABLE = YES;
				IPHONEOS_DEPLOYMENT_TARGET = 17.0;
				LOCALIZATION_PREFERS_STRING_CATALOGS = YES;
				MTL_ENABLE_DEBUG_INFO = INCLUDE_SOURCE;
				MTL_FAST_MATH = YES;
				ONLY_ACTIVE_ARCH = YES;
				SDKROOT = iphoneos;
				SWIFT_ACTIVE_COMPILATION_CONDITIONS = "DEBUG $(inherited)";
				SWIFT_OPTIMIZATION_LEVEL = "-Onone";
			};
			name = Debug;
		};
		86AA19DC2B195224006CC8B1 /* Release */ = {
			isa = XCBuildConfiguration;
			buildSettings = {
				ALWAYS_SEARCH_USER_PATHS = NO;
				ASSETCATALOG_COMPILER_GENERATE_SWIFT_ASSET_SYMBOL_EXTENSIONS = YES;
				CLANG_ANALYZER_NONNULL = YES;
				CLANG_ANALYZER_NUMBER_OBJECT_CONVERSION = YES_AGGRESSIVE;
				CLANG_CXX_LANGUAGE_STANDARD = "gnu++20";
				CLANG_ENABLE_MODULES = YES;
				CLANG_ENABLE_OBJC_ARC = YES;
				CLANG_ENABLE_OBJC_WEAK = YES;
				CLANG_WARN_BLOCK_CAPTURE_AUTORELEASING = YES;
				CLANG_WARN_BOOL_CONVERSION = YES;
				CLANG_WARN_COMMA = YES;
				CLANG_WARN_CONSTANT_CONVERSION = YES;
				CLANG_WARN_DEPRECATED_OBJC_IMPLEMENTATIONS = YES;
				CLANG_WARN_DIRECT_OBJC_ISA_USAGE = YES_ERROR;
				CLANG_WARN_DOCUMENTATION_COMMENTS = YES;
				CLANG_WARN_EMPTY_BODY = YES;
				CLANG_WARN_ENUM_CONVERSION = YES;
				CLANG_WARN_INFINITE_RECURSION = YES;
				CLANG_WARN_INT_CONVERSION = YES;
				CLANG_WARN_NON_LITERAL_NULL_CONVERSION = YES;
				CLANG_WARN_OBJC_IMPLICIT_RETAIN_SELF = YES;
				CLANG_WARN_OBJC_LITERAL_CONVERSION = YES;
				CLANG_WARN_OBJC_ROOT_CLASS = YES_ERROR;
				CLANG_WARN_QUOTED_INCLUDE_IN_FRAMEWORK_HEADER = YES;
				CLANG_WARN_RANGE_LOOP_ANALYSIS = YES;
				CLANG_WARN_STRICT_PROTOTYPES = YES;
				CLANG_WARN_SUSPICIOUS_MOVE = YES;
				CLANG_WARN_UNGUARDED_AVAILABILITY = YES_AGGRESSIVE;
				CLANG_WARN_UNREACHABLE_CODE = YES;
				CLANG_WARN__DUPLICATE_METHOD_MATCH = YES;
				COPY_PHASE_STRIP = NO;
				DEBUG_INFORMATION_FORMAT = "dwarf-with-dsym";
				ENABLE_NS_ASSERTIONS = NO;
				ENABLE_STRICT_OBJC_MSGSEND = YES;
				ENABLE_USER_SCRIPT_SANDBOXING = YES;
				GCC_C_LANGUAGE_STANDARD = gnu17;
				GCC_NO_COMMON_BLOCKS = YES;
				GCC_WARN_64_TO_32_BIT_CONVERSION = YES;
				GCC_WARN_ABOUT_RETURN_TYPE = YES_ERROR;
				GCC_WARN_UNDECLARED_SELECTOR = YES;
				GCC_WARN_UNINITIALIZED_AUTOS = YES_AGGRESSIVE;
				GCC_WARN_UNUSED_FUNCTION = YES;
				GCC_WARN_UNUSED_VARIABLE = YES;
				IPHONEOS_DEPLOYMENT_TARGET = 17.0;
				LOCALIZATION_PREFERS_STRING_CATALOGS = YES;
				MTL_ENABLE_DEBUG_INFO = NO;
				MTL_FAST_MATH = YES;
				SDKROOT = iphoneos;
				SWIFT_COMPILATION_MODE = wholemodule;
				VALIDATE_PRODUCT = YES;
			};
			name = Release;
		};
		86AA19DE2B195224006CC8B1 /* Debug */ = {
			isa = XCBuildConfiguration;
			baseConfigurationReference = ED7E70B7DE1ABBC515B795C8 /* Pods-MessageViewCode.debug.xcconfig */;
			buildSettings = {
				ASSETCATALOG_COMPILER_APPICON_NAME = AppIcon;
				ASSETCATALOG_COMPILER_GLOBAL_ACCENT_COLOR_NAME = AccentColor;
				CODE_SIGN_STYLE = Automatic;
				CURRENT_PROJECT_VERSION = 1;
				DEVELOPMENT_TEAM = AZ4UKU4Y6G;
				ENABLE_USER_SCRIPT_SANDBOXING = NO;
				GENERATE_INFOPLIST_FILE = YES;
				INFOPLIST_FILE = MessageViewCode/Info.plist;
				INFOPLIST_KEY_UIApplicationSupportsIndirectInputEvents = YES;
				INFOPLIST_KEY_UILaunchStoryboardName = LaunchScreen;
				INFOPLIST_KEY_UIMainStoryboardFile = "";
				INFOPLIST_KEY_UISupportedInterfaceOrientations_iPad = "UIInterfaceOrientationPortrait UIInterfaceOrientationPortraitUpsideDown UIInterfaceOrientationLandscapeLeft UIInterfaceOrientationLandscapeRight";
				INFOPLIST_KEY_UISupportedInterfaceOrientations_iPhone = "UIInterfaceOrientationPortrait UIInterfaceOrientationLandscapeLeft UIInterfaceOrientationLandscapeRight";
				IPHONEOS_DEPLOYMENT_TARGET = 17.0;
				LD_RUNPATH_SEARCH_PATHS = (
					"$(inherited)",
					"@executable_path/Frameworks",
				);
				MARKETING_VERSION = 1.0;
				PRODUCT_BUNDLE_IDENTIFIER = JhowVC.MessageViewCode;
				PRODUCT_NAME = "$(TARGET_NAME)";
				SUPPORTED_PLATFORMS = "iphoneos iphonesimulator";
				SUPPORTS_MACCATALYST = NO;
				SWIFT_EMIT_LOC_STRINGS = YES;
				SWIFT_VERSION = 5.0;
				TARGETED_DEVICE_FAMILY = 1;
			};
			name = Debug;
		};
		86AA19DF2B195224006CC8B1 /* Release */ = {
			isa = XCBuildConfiguration;
			baseConfigurationReference = 587120F0A0ED6C5CE4858474 /* Pods-MessageViewCode.release.xcconfig */;
			buildSettings = {
				ASSETCATALOG_COMPILER_APPICON_NAME = AppIcon;
				ASSETCATALOG_COMPILER_GLOBAL_ACCENT_COLOR_NAME = AccentColor;
				CODE_SIGN_STYLE = Automatic;
				CURRENT_PROJECT_VERSION = 1;
				DEVELOPMENT_TEAM = AZ4UKU4Y6G;
				ENABLE_USER_SCRIPT_SANDBOXING = NO;
				GENERATE_INFOPLIST_FILE = YES;
				INFOPLIST_FILE = MessageViewCode/Info.plist;
				INFOPLIST_KEY_UIApplicationSupportsIndirectInputEvents = YES;
				INFOPLIST_KEY_UILaunchStoryboardName = LaunchScreen;
				INFOPLIST_KEY_UIMainStoryboardFile = "";
				INFOPLIST_KEY_UISupportedInterfaceOrientations_iPad = "UIInterfaceOrientationPortrait UIInterfaceOrientationPortraitUpsideDown UIInterfaceOrientationLandscapeLeft UIInterfaceOrientationLandscapeRight";
				INFOPLIST_KEY_UISupportedInterfaceOrientations_iPhone = "UIInterfaceOrientationPortrait UIInterfaceOrientationLandscapeLeft UIInterfaceOrientationLandscapeRight";
				IPHONEOS_DEPLOYMENT_TARGET = 17.0;
				LD_RUNPATH_SEARCH_PATHS = (
					"$(inherited)",
					"@executable_path/Frameworks",
				);
				MARKETING_VERSION = 1.0;
				PRODUCT_BUNDLE_IDENTIFIER = JhowVC.MessageViewCode;
				PRODUCT_NAME = "$(TARGET_NAME)";
				SUPPORTED_PLATFORMS = "iphoneos iphonesimulator";
				SUPPORTS_MACCATALYST = NO;
				SWIFT_EMIT_LOC_STRINGS = YES;
				SWIFT_VERSION = 5.0;
				TARGETED_DEVICE_FAMILY = 1;
			};
			name = Release;
		};
/* End XCBuildConfiguration section */

/* Begin XCConfigurationList section */
		86AA19C42B195223006CC8B1 /* Build configuration list for PBXProject "MessageViewCode" */ = {
			isa = XCConfigurationList;
			buildConfigurations = (
				86AA19DB2B195224006CC8B1 /* Debug */,
				86AA19DC2B195224006CC8B1 /* Release */,
			);
			defaultConfigurationIsVisible = 0;
			defaultConfigurationName = Release;
		};
		86AA19DD2B195224006CC8B1 /* Build configuration list for PBXNativeTarget "MessageViewCode" */ = {
			isa = XCConfigurationList;
			buildConfigurations = (
				86AA19DE2B195224006CC8B1 /* Debug */,
				86AA19DF2B195224006CC8B1 /* Release */,
			);
			defaultConfigurationIsVisible = 0;
			defaultConfigurationName = Release;
		};
/* End XCConfigurationList section */
	};
	rootObject = 86AA19C12B195223006CC8B1 /* Project object */;
}
